
Microsoft Visual Studio Solution File, Format Version 12.00
# Visual Studio Version 16
VisualStudioVersion = 16.0.32901.82
MinimumVisualStudioVersion = 10.0.40219.1
Project("{FAE04EC0-301F-11D3-BF4B-00C04F79EFBC}") = "Des", "Des.csproj", "{4E7E1956-A164-47F1-82E6-24213D52C2E3}"
EndProject
Global
	GlobalSection(SolutionConfigurationPlatforms) = preSolution
		Debug|Any CPU = Debug|Any CPU
		Release|Any CPU = Release|Any CPU
	EndGlobalSection
	GlobalSection(ProjectConfigurationPlatforms) = postSolution
		{4E7E1956-A164-47F1-82E6-24213D52C2E3}.Debug|Any CPU.ActiveCfg = Debug|Any CPU
		{4E7E1956-A164-47F1-82E6-24213D52C2E3}.Debug|Any CPU.Build.0 = Debug|Any CPU
		{4E7E1956-A164-47F1-82E6-24213D52C2E3}.Release|Any CPU.ActiveCfg = Release|Any CPU
		{4E7E1956-A164-47F1-82E6-24213D52C2E3}.Release|Any CPU.Build.0 = Release|Any CPU
	EndGlobalSection
	GlobalSection(SolutionProperties) = preSolution
		HideSolutionNode = FALSE
	EndGlobalSection
	GlobalSection(ExtensibilityGlobals) = postSolution
		SolutionGuid = {9D39D669-B9E1-4A21-8839-CFF6F816FADE}
	EndGlobalSection
EndGlobal
